
Microsoft Visual Studio Solution File, Format Version 12.00
# Visual Studio Version 17
VisualStudioVersion = 17.5.33516.290
MinimumVisualStudioVersion = 10.0.40219.1
Project("{8BC9CEB8-8B4A-11D0-8D11-00A0C91BC942}") = "ООП Лаб№1", "ООП Лаб№1.vcxproj", "{F8BB2619-3963-4FEC-977F-394CCCFA2E6B}"
EndProject
Global
	GlobalSection(SolutionConfigurationPlatforms) = preSolution
		Debug|x64 = Debug|x64
		Debug|x86 = Debug|x86
		Release|x64 = Release|x64
		Release|x86 = Release|x86
	EndGlobalSection
	GlobalSection(ProjectConfigurationPlatforms) = postSolution
		{F8BB2619-3963-4FEC-977F-394CCCFA2E6B}.Debug|x64.ActiveCfg = Debug|x64
		{F8BB2619-3963-4FEC-977F-394CCCFA2E6B}.Debug|x64.Build.0 = Debug|x64
		{F8BB2619-3963-4FEC-977F-394CCCFA2E6B}.Debug|x86.ActiveCfg = Debug|Win32
		{F8BB2619-3963-4FEC-977F-394CCCFA2E6B}.Debug|x86.Build.0 = Debug|Win32
		{F8BB2619-3963-4FEC-977F-394CCCFA2E6B}.Release|x64.ActiveCfg = Release|x64
		{F8BB2619-3963-4FEC-977F-394CCCFA2E6B}.Release|x64.Build.0 = Release|x64
		{F8BB2619-3963-4FEC-977F-394CCCFA2E6B}.Release|x86.ActiveCfg = Release|Win32
		{F8BB2619-3963-4FEC-977F-394CCCFA2E6B}.Release|x86.Build.0 = Release|Win32
	EndGlobalSection
	GlobalSection(SolutionProperties) = preSolution
		HideSolutionNode = FALSE
	EndGlobalSection
	GlobalSection(ExtensibilityGlobals) = postSolution
		SolutionGuid = {1D9EBE8F-EC59-4648-9773-3665F5E102C8}
	EndGlobalSection
EndGlobal
